
Microsoft Visual Studio Solution File, Format Version 12.00
# Visual Studio 15
VisualStudioVersion = 15.0.28307.136
MinimumVisualStudioVersion = 10.0.40219.1
Project("{9A19103F-16F7-4668-BE54-9A1E7A4F7556}") = "StockManagement.Api", "StockManagement.Api\StockManagement.Api.csproj", "{8300302B-E1A1-4CF7-A1A3-35A9DE9B1FF3}"
EndProject
Project("{FAE04EC0-301F-11D3-BF4B-00C04F79EFBC}") = "StockManagement.Api.DAL", "StockManagement.Api.DAL\StockManagement.Api.DAL.csproj", "{5D966447-1EFF-4533-AE49-6DD227D50958}"
EndProject
Project("{FAE04EC0-301F-11D3-BF4B-00C04F79EFBC}") = "StockManagement.Api.BLL", "StockManagement.Api.BLL\StockManagement.Api.BLL.csproj", "{2380051A-D3C9-44E3-84B0-CADDD27D1D2E}"
EndProject
Project("{FAE04EC0-301F-11D3-BF4B-00C04F79EFBC}") = "StockManagement.Api.Contract", "StockManagement.Api.Contract\StockManagement.Api.Contract.csproj", "{497DE0F3-310A-4AFF-8BE7-E481DE71C167}"
EndProject
Project("{FAE04EC0-301F-11D3-BF4B-00C04F79EFBC}") = "StockManagement.Api.Integration.Tests", "StockManagement.Api.Integration.Tests\StockManagement.Api.Integration.Tests.csproj", "{3755FFDD-2D81-4955-B582-C213E8563538}"
EndProject
Project("{2150E333-8FDC-42A3-9474-1A3956D46DE8}") = "Tests", "Tests", "{52D4E009-0856-48B6-8382-C74E0E0A0D65}"
EndProject
Global
	GlobalSection(SolutionConfigurationPlatforms) = preSolution
		Debug|Any CPU = Debug|Any CPU
		Release|Any CPU = Release|Any CPU
	EndGlobalSection
	GlobalSection(ProjectConfigurationPlatforms) = postSolution
		{8300302B-E1A1-4CF7-A1A3-35A9DE9B1FF3}.Debug|Any CPU.ActiveCfg = Debug|Any CPU
		{8300302B-E1A1-4CF7-A1A3-35A9DE9B1FF3}.Debug|Any CPU.Build.0 = Debug|Any CPU
		{8300302B-E1A1-4CF7-A1A3-35A9DE9B1FF3}.Release|Any CPU.ActiveCfg = Release|Any CPU
		{8300302B-E1A1-4CF7-A1A3-35A9DE9B1FF3}.Release|Any CPU.Build.0 = Release|Any CPU
		{5D966447-1EFF-4533-AE49-6DD227D50958}.Debug|Any CPU.ActiveCfg = Debug|Any CPU
		{5D966447-1EFF-4533-AE49-6DD227D50958}.Debug|Any CPU.Build.0 = Debug|Any CPU
		{5D966447-1EFF-4533-AE49-6DD227D50958}.Release|Any CPU.ActiveCfg = Release|Any CPU
		{5D966447-1EFF-4533-AE49-6DD227D50958}.Release|Any CPU.Build.0 = Release|Any CPU
		{2380051A-D3C9-44E3-84B0-CADDD27D1D2E}.Debug|Any CPU.ActiveCfg = Debug|Any CPU
		{2380051A-D3C9-44E3-84B0-CADDD27D1D2E}.Debug|Any CPU.Build.0 = Debug|Any CPU
		{2380051A-D3C9-44E3-84B0-CADDD27D1D2E}.Release|Any CPU.ActiveCfg = Release|Any CPU
		{2380051A-D3C9-44E3-84B0-CADDD27D1D2E}.Release|Any CPU.Build.0 = Release|Any CPU
		{497DE0F3-310A-4AFF-8BE7-E481DE71C167}.Debug|Any CPU.ActiveCfg = Debug|Any CPU
		{497DE0F3-310A-4AFF-8BE7-E481DE71C167}.Debug|Any CPU.Build.0 = Debug|Any CPU
		{497DE0F3-310A-4AFF-8BE7-E481DE71C167}.Release|Any CPU.ActiveCfg = Release|Any CPU
		{497DE0F3-310A-4AFF-8BE7-E481DE71C167}.Release|Any CPU.Build.0 = Release|Any CPU
		{3755FFDD-2D81-4955-B582-C213E8563538}.Debug|Any CPU.ActiveCfg = Debug|Any CPU
		{3755FFDD-2D81-4955-B582-C213E8563538}.Debug|Any CPU.Build.0 = Debug|Any CPU
		{3755FFDD-2D81-4955-B582-C213E8563538}.Release|Any CPU.ActiveCfg = Release|Any CPU
		{3755FFDD-2D81-4955-B582-C213E8563538}.Release|Any CPU.Build.0 = Release|Any CPU
	EndGlobalSection
	GlobalSection(SolutionProperties) = preSolution
		HideSolutionNode = FALSE
	EndGlobalSection
	GlobalSection(NestedProjects) = preSolution
		{3755FFDD-2D81-4955-B582-C213E8563538} = {52D4E009-0856-48B6-8382-C74E0E0A0D65}
	EndGlobalSection
	GlobalSection(ExtensibilityGlobals) = postSolution
		SolutionGuid = {7EFCDAFB-E3A8-46CB-964B-9B92D3E5373F}
	EndGlobalSection
EndGlobal
